
Microsoft Visual Studio Solution File, Format Version 12.00
# Visual Studio Version 17
VisualStudioVersion = 17.5.33530.505
MinimumVisualStudioVersion = 10.0.40219.1
Project("{FAE04EC0-301F-11D3-BF4B-00C04F79EFBC}") = "Windows Idle Master", "Windows Idle Master\Windows Idle Master.csproj", "{37960124-CFAF-4173-AA28-AE885A616EAA}"
EndProject
Global
	GlobalSection(SolutionConfigurationPlatforms) = preSolution
		Debug|Any CPU = Debug|Any CPU
		Release|Any CPU = Release|Any CPU
	EndGlobalSection
	GlobalSection(ProjectConfigurationPlatforms) = postSolution
		{37960124-CFAF-4173-AA28-AE885A616EAA}.Debug|Any CPU.ActiveCfg = Debug|Any CPU
		{37960124-CFAF-4173-AA28-AE885A616EAA}.Debug|Any CPU.Build.0 = Debug|Any CPU
		{37960124-CFAF-4173-AA28-AE885A616EAA}.Release|Any CPU.ActiveCfg = Release|Any CPU
		{37960124-CFAF-4173-AA28-AE885A616EAA}.Release|Any CPU.Build.0 = Release|Any CPU
	EndGlobalSection
	GlobalSection(SolutionProperties) = preSolution
		HideSolutionNode = FALSE
	EndGlobalSection
	GlobalSection(ExtensibilityGlobals) = postSolution
		SolutionGuid = {6D925C71-E58B-4039-82E1-9BD91449D06D}
	EndGlobalSection
EndGlobal
